// !$*UTF8*$!
{
	archiveVersion = 1;
	classes = {
	};
	objectVersion = 50;
	objects = {

/* Begin PBXBuildFile section */
		3C12489330DB9EF35FDA733E /* libPods-TemplateViewCode.a in Frameworks */ = {isa = PBXBuildFile; fileRef = 8B646153901F8BE1843C2013 /* libPods-TemplateViewCode.a */; };
		99341323267F7F9700E6742D /* LoginCoordinator.swift in Sources */ = {isa = PBXBuildFile; fileRef = 99341322267F7F9700E6742D /* LoginCoordinator.swift */; };
		993762FE2679917E001B5D07 /* DepositListViewController.swift in Sources */ = {isa = PBXBuildFile; fileRef = 993762FD2679917E001B5D07 /* DepositListViewController.swift */; };
		993763002679919F001B5D07 /* DepositListViewModel.swift in Sources */ = {isa = PBXBuildFile; fileRef = 993762FF2679919F001B5D07 /* DepositListViewModel.swift */; };
		99376302267991BF001B5D07 /* DepositListView.swift in Sources */ = {isa = PBXBuildFile; fileRef = 99376301267991BF001B5D07 /* DepositListView.swift */; };
		9937630526799564001B5D07 /* BaseCoordinator.swift in Sources */ = {isa = PBXBuildFile; fileRef = 9937630426799564001B5D07 /* BaseCoordinator.swift */; };
		99376308267997A4001B5D07 /* MainViewControllerDelegate.swift in Sources */ = {isa = PBXBuildFile; fileRef = 99376307267997A4001B5D07 /* MainViewControllerDelegate.swift */; };
		9937630B26799901001B5D07 /* MainViewController.swift in Sources */ = {isa = PBXBuildFile; fileRef = 9937630A26799901001B5D07 /* MainViewController.swift */; };
		99428F62267BF82500134CC4 /* User.swift in Sources */ = {isa = PBXBuildFile; fileRef = 99428F61267BF82500134CC4 /* User.swift */; };
		9975BDDA26783E9300368035 /* LoginViewModel.swift in Sources */ = {isa = PBXBuildFile; fileRef = 9975BDD926783E9300368035 /* LoginViewModel.swift */; };
		9975BDDC26783ECC00368035 /* LoginView.swift in Sources */ = {isa = PBXBuildFile; fileRef = 9975BDDB26783ECC00368035 /* LoginView.swift */; };
		9975BDDF267840E500368035 /* ViewConfiguration.swift in Sources */ = {isa = PBXBuildFile; fileRef = 9975BDDE267840E500368035 /* ViewConfiguration.swift */; };
		997E63AF25EADCD6000EAAB8 /* AppDelegate.swift in Sources */ = {isa = PBXBuildFile; fileRef = 997E63AE25EADCD6000EAAB8 /* AppDelegate.swift */; };
		997E63B125EADCD6000EAAB8 /* SceneDelegate.swift in Sources */ = {isa = PBXBuildFile; fileRef = 997E63B025EADCD6000EAAB8 /* SceneDelegate.swift */; };
		997E63B325EADCD6000EAAB8 /* LoginViewController.swift in Sources */ = {isa = PBXBuildFile; fileRef = 997E63B225EADCD6000EAAB8 /* LoginViewController.swift */; };
		997E63B825EADCD8000EAAB8 /* Assets.xcassets in Resources */ = {isa = PBXBuildFile; fileRef = 997E63B725EADCD8000EAAB8 /* Assets.xcassets */; };
		997E63BB25EADCD8000EAAB8 /* LaunchScreen.storyboard in Resources */ = {isa = PBXBuildFile; fileRef = 997E63B925EADCD8000EAAB8 /* LaunchScreen.storyboard */; };
		999E18832676CAD900BED6D9 /* L10n-Constants.swift in Sources */ = {isa = PBXBuildFile; fileRef = 999E18812676CAD900BED6D9 /* L10n-Constants.swift */; };
		999E18862676CC0400BED6D9 /* Localizable.strings in Resources */ = {isa = PBXBuildFile; fileRef = 999E18842676CC0400BED6D9 /* Localizable.strings */; };
		999E18882676EFCE00BED6D9 /* Assets.swift in Sources */ = {isa = PBXBuildFile; fileRef = 999E18872676EFCE00BED6D9 /* Assets.swift */; };
		99BF48D62676B5410038AD9B /* Podfile in Resources */ = {isa = PBXBuildFile; fileRef = 99BF48D52676B5410038AD9B /* Podfile */; };
		99BF48D82676C06C0038AD9B /* README.md in Resources */ = {isa = PBXBuildFile; fileRef = 99BF48D72676C06B0038AD9B /* README.md */; };
		99D0A57726816F1500B8EADA /* UIViewExtension.swift in Sources */ = {isa = PBXBuildFile; fileRef = 99D0A57626816F1500B8EADA /* UIViewExtension.swift */; };
/* End PBXBuildFile section */

/* Begin PBXFileReference section */
		5A3A92CCAB6C8837B7CBB04E /* Pods-TemplateViewCode.release.xcconfig */ = {isa = PBXFileReference; includeInIndex = 1; lastKnownFileType = text.xcconfig; name = "Pods-TemplateViewCode.release.xcconfig"; path = "Target Support Files/Pods-TemplateViewCode/Pods-TemplateViewCode.release.xcconfig"; sourceTree = "<group>"; };
		8B646153901F8BE1843C2013 /* libPods-TemplateViewCode.a */ = {isa = PBXFileReference; explicitFileType = archive.ar; includeInIndex = 0; path = "libPods-TemplateViewCode.a"; sourceTree = BUILT_PRODUCTS_DIR; };
		99341322267F7F9700E6742D /* LoginCoordinator.swift */ = {isa = PBXFileReference; lastKnownFileType = sourcecode.swift; path = LoginCoordinator.swift; sourceTree = "<group>"; };
		993762FD2679917E001B5D07 /* DepositListViewController.swift */ = {isa = PBXFileReference; lastKnownFileType = sourcecode.swift; path = DepositListViewController.swift; sourceTree = "<group>"; };
		993762FF2679919F001B5D07 /* DepositListViewModel.swift */ = {isa = PBXFileReference; lastKnownFileType = sourcecode.swift; path = DepositListViewModel.swift; sourceTree = "<group>"; };
		99376301267991BF001B5D07 /* DepositListView.swift */ = {isa = PBXFileReference; lastKnownFileType = sourcecode.swift; path = DepositListView.swift; sourceTree = "<group>"; };
		9937630426799564001B5D07 /* BaseCoordinator.swift */ = {isa = PBXFileReference; lastKnownFileType = sourcecode.swift; path = BaseCoordinator.swift; sourceTree = "<group>"; };
		99376307267997A4001B5D07 /* MainViewControllerDelegate.swift */ = {isa = PBXFileReference; lastKnownFileType = sourcecode.swift; path = MainViewControllerDelegate.swift; sourceTree = "<group>"; };
		9937630A26799901001B5D07 /* MainViewController.swift */ = {isa = PBXFileReference; lastKnownFileType = sourcecode.swift; path = MainViewController.swift; sourceTree = "<group>"; };
		99428F61267BF82500134CC4 /* User.swift */ = {isa = PBXFileReference; lastKnownFileType = sourcecode.swift; path = User.swift; sourceTree = "<group>"; };
		9975BDD926783E9300368035 /* LoginViewModel.swift */ = {isa = PBXFileReference; lastKnownFileType = sourcecode.swift; path = LoginViewModel.swift; sourceTree = "<group>"; };
		9975BDDB26783ECC00368035 /* LoginView.swift */ = {isa = PBXFileReference; lastKnownFileType = sourcecode.swift; path = LoginView.swift; sourceTree = "<group>"; };
		9975BDDE267840E500368035 /* ViewConfiguration.swift */ = {isa = PBXFileReference; lastKnownFileType = sourcecode.swift; path = ViewConfiguration.swift; sourceTree = "<group>"; };
		997E63AB25EADCD6000EAAB8 /* TemplateViewCode.app */ = {isa = PBXFileReference; explicitFileType = wrapper.application; includeInIndex = 0; path = TemplateViewCode.app; sourceTree = BUILT_PRODUCTS_DIR; };
		997E63AE25EADCD6000EAAB8 /* AppDelegate.swift */ = {isa = PBXFileReference; lastKnownFileType = sourcecode.swift; path = AppDelegate.swift; sourceTree = "<group>"; };
		997E63B025EADCD6000EAAB8 /* SceneDelegate.swift */ = {isa = PBXFileReference; lastKnownFileType = sourcecode.swift; path = SceneDelegate.swift; sourceTree = "<group>"; };
		997E63B225EADCD6000EAAB8 /* LoginViewController.swift */ = {isa = PBXFileReference; lastKnownFileType = sourcecode.swift; path = LoginViewController.swift; sourceTree = "<group>"; };
		997E63B725EADCD8000EAAB8 /* Assets.xcassets */ = {isa = PBXFileReference; lastKnownFileType = folder.assetcatalog; path = Assets.xcassets; sourceTree = "<group>"; };
		997E63BA25EADCD8000EAAB8 /* Base */ = {isa = PBXFileReference; lastKnownFileType = file.storyboard; name = Base; path = Base.lproj/LaunchScreen.storyboard; sourceTree = "<group>"; };
		997E63BC25EADCD8000EAAB8 /* Info.plist */ = {isa = PBXFileReference; lastKnownFileType = text.plist.xml; path = Info.plist; sourceTree = "<group>"; };
		999E187F2676C45200BED6D9 /* swiftgen.yml */ = {isa = PBXFileReference; lastKnownFileType = text.yaml; path = swiftgen.yml; sourceTree = "<group>"; };
		999E18812676CAD900BED6D9 /* L10n-Constants.swift */ = {isa = PBXFileReference; fileEncoding = 4; lastKnownFileType = sourcecode.swift; name = "L10n-Constants.swift"; path = "TemplateViewCode/L10n-Constants.swift"; sourceTree = "<group>"; };
		999E18852676CC0400BED6D9 /* Base */ = {isa = PBXFileReference; lastKnownFileType = text.plist.strings; name = Base; path = Base.lproj/Localizable.strings; sourceTree = "<group>"; };
		999E18872676EFCE00BED6D9 /* Assets.swift */ = {isa = PBXFileReference; fileEncoding = 4; lastKnownFileType = sourcecode.swift; name = Assets.swift; path = TemplateViewCode/Assets.swift; sourceTree = "<group>"; };
		99BF48D52676B5410038AD9B /* Podfile */ = {isa = PBXFileReference; fileEncoding = 4; lastKnownFileType = text; path = Podfile; sourceTree = "<group>"; xcLanguageSpecificationIdentifier = xcode.lang.ruby; };
		99BF48D72676C06B0038AD9B /* README.md */ = {isa = PBXFileReference; fileEncoding = 4; lastKnownFileType = net.daringfireball.markdown; name = README.md; path = ../README.md; sourceTree = "<group>"; };
		99D0A57626816F1500B8EADA /* UIViewExtension.swift */ = {isa = PBXFileReference; lastKnownFileType = sourcecode.swift; path = UIViewExtension.swift; sourceTree = "<group>"; };
		CFF38E7AF99A19FC9E0A78BE /* Pods-TemplateViewCode.debug.xcconfig */ = {isa = PBXFileReference; includeInIndex = 1; lastKnownFileType = text.xcconfig; name = "Pods-TemplateViewCode.debug.xcconfig"; path = "Target Support Files/Pods-TemplateViewCode/Pods-TemplateViewCode.debug.xcconfig"; sourceTree = "<group>"; };
/* End PBXFileReference section */

/* Begin PBXFrameworksBuildPhase section */
		997E63A825EADCD6000EAAB8 /* Frameworks */ = {
			isa = PBXFrameworksBuildPhase;
			buildActionMask = 2147483647;
			files = (
				3C12489330DB9EF35FDA733E /* libPods-TemplateViewCode.a in Frameworks */,
			);
			runOnlyForDeploymentPostprocessing = 0;
		};
/* End PBXFrameworksBuildPhase section */

/* Begin PBXGroup section */
		7CD93908BFDEAF816F4AD5C5 /* Pods */ = {
			isa = PBXGroup;
			children = (
				CFF38E7AF99A19FC9E0A78BE /* Pods-TemplateViewCode.debug.xcconfig */,
				5A3A92CCAB6C8837B7CBB04E /* Pods-TemplateViewCode.release.xcconfig */,
			);
			path = Pods;
			sourceTree = "<group>";
		};
		993762FC26799134001B5D07 /* DepositList */ = {
			isa = PBXGroup;
			children = (
				993762FD2679917E001B5D07 /* DepositListViewController.swift */,
				993762FF2679919F001B5D07 /* DepositListViewModel.swift */,
				99376301267991BF001B5D07 /* DepositListView.swift */,
			);
			path = DepositList;
			sourceTree = "<group>";
		};
		993763032679950F001B5D07 /* Coordinator */ = {
			isa = PBXGroup;
			children = (
				9937630426799564001B5D07 /* BaseCoordinator.swift */,
			);
			path = Coordinator;
			sourceTree = "<group>";
		};
		9937630626799772001B5D07 /* Coordinator */ = {
			isa = PBXGroup;
			children = (
				99376307267997A4001B5D07 /* MainViewControllerDelegate.swift */,
			);
			path = Coordinator;
			sourceTree = "<group>";
		};
		99376309267998C9001B5D07 /* Extensions */ = {
			isa = PBXGroup;
			children = (
				99D0A57526816EF500B8EADA /* UIView */,
				99D0A57426816EC500B8EADA /* MainViewController */,
			);
			path = Extensions;
			sourceTree = "<group>";
		};
		99428F60267BF80100134CC4 /* Model */ = {
			isa = PBXGroup;
			children = (
				99428F61267BF82500134CC4 /* User.swift */,
			);
			path = Model;
			sourceTree = "<group>";
		};
		9975BDD826783E5300368035 /* Login */ = {
			isa = PBXGroup;
			children = (
				99428F60267BF80100134CC4 /* Model */,
				997E63B225EADCD6000EAAB8 /* LoginViewController.swift */,
				9975BDD926783E9300368035 /* LoginViewModel.swift */,
				9975BDDB26783ECC00368035 /* LoginView.swift */,
				99341322267F7F9700E6742D /* LoginCoordinator.swift */,
			);
			path = Login;
			sourceTree = "<group>";
		};
		9975BDDD267840B300368035 /* Protocol */ = {
			isa = PBXGroup;
			children = (
				9937630626799772001B5D07 /* Coordinator */,
				9975BDE02678410300368035 /* View */,
			);
			path = Protocol;
			sourceTree = "<group>";
		};
		9975BDE02678410300368035 /* View */ = {
			isa = PBXGroup;
			children = (
				9975BDDE267840E500368035 /* ViewConfiguration.swift */,
			);
			path = View;
			sourceTree = "<group>";
		};
		997E63A225EADCD6000EAAB8 = {
			isa = PBXGroup;
			children = (
				999E187F2676C45200BED6D9 /* swiftgen.yml */,
				999E18872676EFCE00BED6D9 /* Assets.swift */,
				999E18812676CAD900BED6D9 /* L10n-Constants.swift */,
				99BF48D52676B5410038AD9B /* Podfile */,
				99BF48D72676C06B0038AD9B /* README.md */,
				997E63AE25EADCD6000EAAB8 /* AppDelegate.swift */,
				997E63B025EADCD6000EAAB8 /* SceneDelegate.swift */,
				999E18842676CC0400BED6D9 /* Localizable.strings */,
				997E63B725EADCD8000EAAB8 /* Assets.xcassets */,
				997E63B925EADCD8000EAAB8 /* LaunchScreen.storyboard */,
				997E63AD25EADCD6000EAAB8 /* TemplateViewCode */,
				997E63AC25EADCD6000EAAB8 /* Products */,
				7CD93908BFDEAF816F4AD5C5 /* Pods */,
				D9FAD35468AE8D701DCACB02 /* Frameworks */,
			);
			sourceTree = "<group>";
		};
		997E63AC25EADCD6000EAAB8 /* Products */ = {
			isa = PBXGroup;
			children = (
				997E63AB25EADCD6000EAAB8 /* TemplateViewCode.app */,
			);
			name = Products;
			sourceTree = "<group>";
		};
		997E63AD25EADCD6000EAAB8 /* TemplateViewCode */ = {
			isa = PBXGroup;
			children = (
				997E63BC25EADCD8000EAAB8 /* Info.plist */,
				99376309267998C9001B5D07 /* Extensions */,
				993763032679950F001B5D07 /* Coordinator */,
				9975BDDD267840B300368035 /* Protocol */,
				993762FC26799134001B5D07 /* DepositList */,
				9975BDD826783E5300368035 /* Login */,
			);
			path = TemplateViewCode;
			sourceTree = "<group>";
		};
		99D0A57426816EC500B8EADA /* MainViewController */ = {
			isa = PBXGroup;
			children = (
				9937630A26799901001B5D07 /* MainViewController.swift */,
			);
			path = MainViewController;
			sourceTree = "<group>";
		};
		99D0A57526816EF500B8EADA /* UIView */ = {
			isa = PBXGroup;
			children = (
				99D0A57626816F1500B8EADA /* UIViewExtension.swift */,
			);
			path = UIView;
			sourceTree = "<group>";
		};
		D9FAD35468AE8D701DCACB02 /* Frameworks */ = {
			isa = PBXGroup;
			children = (
				8B646153901F8BE1843C2013 /* libPods-TemplateViewCode.a */,
			);
			name = Frameworks;
			sourceTree = "<group>";
		};
/* End PBXGroup section */

/* Begin PBXNativeTarget section */
		997E63AA25EADCD6000EAAB8 /* TemplateViewCode */ = {
			isa = PBXNativeTarget;
			buildConfigurationList = 997E63BF25EADCD8000EAAB8 /* Build configuration list for PBXNativeTarget "TemplateViewCode" */;
			buildPhases = (
				3634762B593F5AC4455EF45C /* [CP] Check Pods Manifest.lock */,
				997E63A725EADCD6000EAAB8 /* Sources */,
				997E63A825EADCD6000EAAB8 /* Frameworks */,
				997E63A925EADCD6000EAAB8 /* Resources */,
			);
			buildRules = (
			);
			dependencies = (
			);
			name = TemplateViewCode;
			productName = TemplateViewCode;
			productReference = 997E63AB25EADCD6000EAAB8 /* TemplateViewCode.app */;
			productType = "com.apple.product-type.application";
		};
/* End PBXNativeTarget section */

/* Begin PBXProject section */
		997E63A325EADCD6000EAAB8 /* Project object */ = {
			isa = PBXProject;
			attributes = {
				LastSwiftUpdateCheck = 1240;
				LastUpgradeCheck = 1240;
				TargetAttributes = {
					997E63AA25EADCD6000EAAB8 = {
						CreatedOnToolsVersion = 12.4;
					};
				};
			};
			buildConfigurationList = 997E63A625EADCD6000EAAB8 /* Build configuration list for PBXProject "TemplateViewCode" */;
			compatibilityVersion = "Xcode 9.3";
			developmentRegion = en;
			hasScannedForEncodings = 0;
			knownRegions = (
				en,
				Base,
			);
			mainGroup = 997E63A225EADCD6000EAAB8;
			productRefGroup = 997E63AC25EADCD6000EAAB8 /* Products */;
			projectDirPath = "";
			projectRoot = "";
			targets = (
				997E63AA25EADCD6000EAAB8 /* TemplateViewCode */,
			);
		};
/* End PBXProject section */

/* Begin PBXResourcesBuildPhase section */
		997E63A925EADCD6000EAAB8 /* Resources */ = {
			isa = PBXResourcesBuildPhase;
			buildActionMask = 2147483647;
			files = (
				999E18862676CC0400BED6D9 /* Localizable.strings in Resources */,
				997E63BB25EADCD8000EAAB8 /* LaunchScreen.storyboard in Resources */,
				99BF48D82676C06C0038AD9B /* README.md in Resources */,
				99BF48D62676B5410038AD9B /* Podfile in Resources */,
				997E63B825EADCD8000EAAB8 /* Assets.xcassets in Resources */,
			);
			runOnlyForDeploymentPostprocessing = 0;
		};
/* End PBXResourcesBuildPhase section */

/* Begin PBXShellScriptBuildPhase section */
		3634762B593F5AC4455EF45C /* [CP] Check Pods Manifest.lock */ = {
			isa = PBXShellScriptBuildPhase;
			buildActionMask = 2147483647;
			files = (
			);
			inputFileListPaths = (
			);
			inputPaths = (
				"${PODS_PODFILE_DIR_PATH}/Podfile.lock",
				"${PODS_ROOT}/Manifest.lock",
			);
			name = "[CP] Check Pods Manifest.lock";
			outputFileListPaths = (
			);
			outputPaths = (
				"$(DERIVED_FILE_DIR)/Pods-TemplateViewCode-checkManifestLockResult.txt",
			);
			runOnlyForDeploymentPostprocessing = 0;
			shellPath = /bin/sh;
			shellScript = "diff \"${PODS_PODFILE_DIR_PATH}/Podfile.lock\" \"${PODS_ROOT}/Manifest.lock\" > /dev/null\nif [ $? != 0 ] ; then\n    # print error to STDERR\n    echo \"error: The sandbox is not in sync with the Podfile.lock. Run 'pod install' or update your CocoaPods installation.\" >&2\n    exit 1\nfi\n# This output is used by Xcode 'outputs' to avoid re-running this script phase.\necho \"SUCCESS\" > \"${SCRIPT_OUTPUT_FILE_0}\"\n";
			showEnvVarsInLog = 0;
		};
/* End PBXShellScriptBuildPhase section */

/* Begin PBXSourcesBuildPhase section */
		997E63A725EADCD6000EAAB8 /* Sources */ = {
			isa = PBXSourcesBuildPhase;
			buildActionMask = 2147483647;
			files = (
				999E18832676CAD900BED6D9 /* L10n-Constants.swift in Sources */,
				9937630526799564001B5D07 /* BaseCoordinator.swift in Sources */,
				993763002679919F001B5D07 /* DepositListViewModel.swift in Sources */,
				9975BDDC26783ECC00368035 /* LoginView.swift in Sources */,
				997E63B325EADCD6000EAAB8 /* LoginViewController.swift in Sources */,
				9975BDDA26783E9300368035 /* LoginViewModel.swift in Sources */,
				993762FE2679917E001B5D07 /* DepositListViewController.swift in Sources */,
				9937630B26799901001B5D07 /* MainViewController.swift in Sources */,
				99D0A57726816F1500B8EADA /* UIViewExtension.swift in Sources */,
				99428F62267BF82500134CC4 /* User.swift in Sources */,
				997E63AF25EADCD6000EAAB8 /* AppDelegate.swift in Sources */,
				9975BDDF267840E500368035 /* ViewConfiguration.swift in Sources */,
				999E18882676EFCE00BED6D9 /* Assets.swift in Sources */,
				997E63B125EADCD6000EAAB8 /* SceneDelegate.swift in Sources */,
				99376302267991BF001B5D07 /* DepositListView.swift in Sources */,
				99341323267F7F9700E6742D /* LoginCoordinator.swift in Sources */,
				99376308267997A4001B5D07 /* MainViewControllerDelegate.swift in Sources */,
			);
			runOnlyForDeploymentPostprocessing = 0;
		};
/* End PBXSourcesBuildPhase section */

/* Begin PBXVariantGroup section */
		997E63B925EADCD8000EAAB8 /* LaunchScreen.storyboard */ = {
			isa = PBXVariantGroup;
			children = (
				997E63BA25EADCD8000EAAB8 /* Base */,
			);
			name = LaunchScreen.storyboard;
			sourceTree = "<group>";
		};
		999E18842676CC0400BED6D9 /* Localizable.strings */ = {
			isa = PBXVariantGroup;
			children = (
				999E18852676CC0400BED6D9 /* Base */,
			);
			name = Localizable.strings;
			sourceTree = "<group>";
		};
/* End PBXVariantGroup section */

/* Begin XCBuildConfiguration section */
		997E63BD25EADCD8000EAAB8 /* Debug */ = {
			isa = XCBuildConfiguration;
			buildSettings = {
				ALWAYS_SEARCH_USER_PATHS = NO;
				CLANG_ANALYZER_NONNULL = YES;
				CLANG_ANALYZER_NUMBER_OBJECT_CONVERSION = YES_AGGRESSIVE;
				CLANG_CXX_LANGUAGE_STANDARD = "gnu++14";
				CLANG_CXX_LIBRARY = "libc++";
				CLANG_ENABLE_MODULES = YES;
				CLANG_ENABLE_OBJC_ARC = YES;
				CLANG_ENABLE_OBJC_WEAK = YES;
				CLANG_WARN_BLOCK_CAPTURE_AUTORELEASING = YES;
				CLANG_WARN_BOOL_CONVERSION = YES;
				CLANG_WARN_COMMA = YES;
				CLANG_WARN_CONSTANT_CONVERSION = YES;
				CLANG_WARN_DEPRECATED_OBJC_IMPLEMENTATIONS = YES;
				CLANG_WARN_DIRECT_OBJC_ISA_USAGE = YES_ERROR;
				CLANG_WARN_DOCUMENTATION_COMMENTS = YES;
				CLANG_WARN_EMPTY_BODY = YES;
				CLANG_WARN_ENUM_CONVERSION = YES;
				CLANG_WARN_INFINITE_RECURSION = YES;
				CLANG_WARN_INT_CONVERSION = YES;
				CLANG_WARN_NON_LITERAL_NULL_CONVERSION = YES;
				CLANG_WARN_OBJC_IMPLICIT_RETAIN_SELF = YES;
				CLANG_WARN_OBJC_LITERAL_CONVERSION = YES;
				CLANG_WARN_OBJC_ROOT_CLASS = YES_ERROR;
				CLANG_WARN_QUOTED_INCLUDE_IN_FRAMEWORK_HEADER = YES;
				CLANG_WARN_RANGE_LOOP_ANALYSIS = YES;
				CLANG_WARN_STRICT_PROTOTYPES = YES;
				CLANG_WARN_SUSPICIOUS_MOVE = YES;
				CLANG_WARN_UNGUARDED_AVAILABILITY = YES_AGGRESSIVE;
				CLANG_WARN_UNREACHABLE_CODE = YES;
				CLANG_WARN__DUPLICATE_METHOD_MATCH = YES;
				COPY_PHASE_STRIP = NO;
				DEBUG_INFORMATION_FORMAT = dwarf;
				ENABLE_STRICT_OBJC_MSGSEND = YES;
				ENABLE_TESTABILITY = YES;
				GCC_C_LANGUAGE_STANDARD = gnu11;
				GCC_DYNAMIC_NO_PIC = NO;
				GCC_NO_COMMON_BLOCKS = YES;
				GCC_OPTIMIZATION_LEVEL = 0;
				GCC_PREPROCESSOR_DEFINITIONS = (
					"DEBUG=1",
					"$(inherited)",
				);
				GCC_WARN_64_TO_32_BIT_CONVERSION = YES;
				GCC_WARN_ABOUT_RETURN_TYPE = YES_ERROR;
				GCC_WARN_UNDECLARED_SELECTOR = YES;
				GCC_WARN_UNINITIALIZED_AUTOS = YES_AGGRESSIVE;
				GCC_WARN_UNUSED_FUNCTION = YES;
				GCC_WARN_UNUSED_VARIABLE = YES;
				IPHONEOS_DEPLOYMENT_TARGET = 11.2;
				MTL_ENABLE_DEBUG_INFO = INCLUDE_SOURCE;
				MTL_FAST_MATH = YES;
				ONLY_ACTIVE_ARCH = YES;
				SDKROOT = iphoneos;
				SWIFT_ACTIVE_COMPILATION_CONDITIONS = DEBUG;
				SWIFT_OPTIMIZATION_LEVEL = "-Onone";
			};
			name = Debug;
		};
		997E63BE25EADCD8000EAAB8 /* Release */ = {
			isa = XCBuildConfiguration;
			buildSettings = {
				ALWAYS_SEARCH_USER_PATHS = NO;
				CLANG_ANALYZER_NONNULL = YES;
				CLANG_ANALYZER_NUMBER_OBJECT_CONVERSION = YES_AGGRESSIVE;
				CLANG_CXX_LANGUAGE_STANDARD = "gnu++14";
				CLANG_CXX_LIBRARY = "libc++";
				CLANG_ENABLE_MODULES = YES;
				CLANG_ENABLE_OBJC_ARC = YES;
				CLANG_ENABLE_OBJC_WEAK = YES;
				CLANG_WARN_BLOCK_CAPTURE_AUTORELEASING = YES;
				CLANG_WARN_BOOL_CONVERSION = YES;
				CLANG_WARN_COMMA = YES;
				CLANG_WARN_CONSTANT_CONVERSION = YES;
				CLANG_WARN_DEPRECATED_OBJC_IMPLEMENTATIONS = YES;
				CLANG_WARN_DIRECT_OBJC_ISA_USAGE = YES_ERROR;
				CLANG_WARN_DOCUMENTATION_COMMENTS = YES;
				CLANG_WARN_EMPTY_BODY = YES;
				CLANG_WARN_ENUM_CONVERSION = YES;
				CLANG_WARN_INFINITE_RECURSION = YES;
				CLANG_WARN_INT_CONVERSION = YES;
				CLANG_WARN_NON_LITERAL_NULL_CONVERSION = YES;
				CLANG_WARN_OBJC_IMPLICIT_RETAIN_SELF = YES;
				CLANG_WARN_OBJC_LITERAL_CONVERSION = YES;
				CLANG_WARN_OBJC_ROOT_CLASS = YES_ERROR;
				CLANG_WARN_QUOTED_INCLUDE_IN_FRAMEWORK_HEADER = YES;
				CLANG_WARN_RANGE_LOOP_ANALYSIS = YES;
				CLANG_WARN_STRICT_PROTOTYPES = YES;
				CLANG_WARN_SUSPICIOUS_MOVE = YES;
				CLANG_WARN_UNGUARDED_AVAILABILITY = YES_AGGRESSIVE;
				CLANG_WARN_UNREACHABLE_CODE = YES;
				CLANG_WARN__DUPLICATE_METHOD_MATCH = YES;
				COPY_PHASE_STRIP = NO;
				DEBUG_INFORMATION_FORMAT = "dwarf-with-dsym";
				ENABLE_NS_ASSERTIONS = NO;
				ENABLE_STRICT_OBJC_MSGSEND = YES;
				GCC_C_LANGUAGE_STANDARD = gnu11;
				GCC_NO_COMMON_BLOCKS = YES;
				GCC_WARN_64_TO_32_BIT_CONVERSION = YES;
				GCC_WARN_ABOUT_RETURN_TYPE = YES_ERROR;
				GCC_WARN_UNDECLARED_SELECTOR = YES;
				GCC_WARN_UNINITIALIZED_AUTOS = YES_AGGRESSIVE;
				GCC_WARN_UNUSED_FUNCTION = YES;
				GCC_WARN_UNUSED_VARIABLE = YES;
				IPHONEOS_DEPLOYMENT_TARGET = 11.2;
				MTL_ENABLE_DEBUG_INFO = NO;
				MTL_FAST_MATH = YES;
				SDKROOT = iphoneos;
				SWIFT_COMPILATION_MODE = wholemodule;
				SWIFT_OPTIMIZATION_LEVEL = "-O";
				VALIDATE_PRODUCT = YES;
			};
			name = Release;
		};
		997E63C025EADCD8000EAAB8 /* Debug */ = {
			isa = XCBuildConfiguration;
			baseConfigurationReference = CFF38E7AF99A19FC9E0A78BE /* Pods-TemplateViewCode.debug.xcconfig */;
			buildSettings = {
				ASSETCATALOG_COMPILER_APPICON_NAME = AppIcon;
				ASSETCATALOG_COMPILER_GLOBAL_ACCENT_COLOR_NAME = AccentColor;
				CODE_SIGN_STYLE = Automatic;
				DEVELOPMENT_TEAM = 8QS6PBHYYD;
				INFOPLIST_FILE = TemplateViewCode/Info.plist;
				IPHONEOS_DEPLOYMENT_TARGET = 11.2;
				LD_RUNPATH_SEARCH_PATHS = (
					"$(inherited)",
					"@executable_path/Frameworks",
				);
				PRODUCT_BUNDLE_IDENTIFIER = br.com.apendizado.TemplateViewCode.TemplateViewCode;
				PRODUCT_NAME = "$(TARGET_NAME)";
				SWIFT_VERSION = 5.0;
				TARGETED_DEVICE_FAMILY = "1,2";
			};
			name = Debug;
		};
		997E63C125EADCD8000EAAB8 /* Release */ = {
			isa = XCBuildConfiguration;
			baseConfigurationReference = 5A3A92CCAB6C8837B7CBB04E /* Pods-TemplateViewCode.release.xcconfig */;
			buildSettings = {
				ASSETCATALOG_COMPILER_APPICON_NAME = AppIcon;
				ASSETCATALOG_COMPILER_GLOBAL_ACCENT_COLOR_NAME = AccentColor;
				CODE_SIGN_STYLE = Automatic;
				DEVELOPMENT_TEAM = 8QS6PBHYYD;
				INFOPLIST_FILE = TemplateViewCode/Info.plist;
				IPHONEOS_DEPLOYMENT_TARGET = 11.2;
				LD_RUNPATH_SEARCH_PATHS = (
					"$(inherited)",
					"@executable_path/Frameworks",
				);
				PRODUCT_BUNDLE_IDENTIFIER = br.com.apendizado.TemplateViewCode.TemplateViewCode;
				PRODUCT_NAME = "$(TARGET_NAME)";
				SWIFT_VERSION = 5.0;
				TARGETED_DEVICE_FAMILY = "1,2";
			};
			name = Release;
		};
/* End XCBuildConfiguration section */

/* Begin XCConfigurationList section */
		997E63A625EADCD6000EAAB8 /* Build configuration list for PBXProject "TemplateViewCode" */ = {
			isa = XCConfigurationList;
			buildConfigurations = (
				997E63BD25EADCD8000EAAB8 /* Debug */,
				997E63BE25EADCD8000EAAB8 /* Release */,
			);
			defaultConfigurationIsVisible = 0;
			defaultConfigurationName = Release;
		};
		997E63BF25EADCD8000EAAB8 /* Build configuration list for PBXNativeTarget "TemplateViewCode" */ = {
			isa = XCConfigurationList;
			buildConfigurations = (
				997E63C025EADCD8000EAAB8 /* Debug */,
				997E63C125EADCD8000EAAB8 /* Release */,
			);
			defaultConfigurationIsVisible = 0;
			defaultConfigurationName = Release;
		};
/* End XCConfigurationList section */
	};
	rootObject = 997E63A325EADCD6000EAAB8 /* Project object */;
}
